
Microsoft Visual Studio Solution File, Format Version 12.00
# Visual Studio Version 17
VisualStudioVersion = 17.3.32901.215
MinimumVisualStudioVersion = 10.0.40219.1
Project("{FAE04EC0-301F-11D3-BF4B-00C04F79EFBC}") = "Practice21", "Practice21\Practice21.csproj", "{D3B00321-1EFF-4DDB-990F-01EFE48E2F9B}"
EndProject
Global
	GlobalSection(SolutionConfigurationPlatforms) = preSolution
		Debug|Any CPU = Debug|Any CPU
		Release|Any CPU = Release|Any CPU
	EndGlobalSection
	GlobalSection(ProjectConfigurationPlatforms) = postSolution
		{D3B00321-1EFF-4DDB-990F-01EFE48E2F9B}.Debug|Any CPU.ActiveCfg = Debug|Any CPU
		{D3B00321-1EFF-4DDB-990F-01EFE48E2F9B}.Debug|Any CPU.Build.0 = Debug|Any CPU
		{D3B00321-1EFF-4DDB-990F-01EFE48E2F9B}.Release|Any CPU.ActiveCfg = Release|Any CPU
		{D3B00321-1EFF-4DDB-990F-01EFE48E2F9B}.Release|Any CPU.Build.0 = Release|Any CPU
	EndGlobalSection
	GlobalSection(SolutionProperties) = preSolution
		HideSolutionNode = FALSE
	EndGlobalSection
	GlobalSection(ExtensibilityGlobals) = postSolution
		SolutionGuid = {BECD2903-F763-4C97-BC4E-0050A78E888F}
	EndGlobalSection
EndGlobal
