
Microsoft Visual Studio Solution File, Format Version 12.00
# Visual Studio Version 17
VisualStudioVersion = 17.3.32901.215
MinimumVisualStudioVersion = 10.0.40219.1
Project("{FAE04EC0-301F-11D3-BF4B-00C04F79EFBC}") = "AdditionalTask", "AdditionalTask\AdditionalTask.csproj", "{DB2B1C6D-A349-4C21-A9BB-625C96D5990D}"
EndProject
Global
	GlobalSection(SolutionConfigurationPlatforms) = preSolution
		Debug|Any CPU = Debug|Any CPU
		Release|Any CPU = Release|Any CPU
	EndGlobalSection
	GlobalSection(ProjectConfigurationPlatforms) = postSolution
		{DB2B1C6D-A349-4C21-A9BB-625C96D5990D}.Debug|Any CPU.ActiveCfg = Debug|Any CPU
		{DB2B1C6D-A349-4C21-A9BB-625C96D5990D}.Debug|Any CPU.Build.0 = Debug|Any CPU
		{DB2B1C6D-A349-4C21-A9BB-625C96D5990D}.Release|Any CPU.ActiveCfg = Release|Any CPU
		{DB2B1C6D-A349-4C21-A9BB-625C96D5990D}.Release|Any CPU.Build.0 = Release|Any CPU
	EndGlobalSection
	GlobalSection(SolutionProperties) = preSolution
		HideSolutionNode = FALSE
	EndGlobalSection
	GlobalSection(ExtensibilityGlobals) = postSolution
		SolutionGuid = {DB322913-7941-4CCE-A62C-28B14057F3A0}
	EndGlobalSection
EndGlobal
